
Microsoft Visual Studio Solution File, Format Version 12.00
# Visual Studio Version 16
VisualStudioVersion = 16.0.31313.79
MinimumVisualStudioVersion = 10.0.40219.1
Project("{9A19103F-16F7-4668-BE54-9A1E7A4F7556}") = "Luxoft_POS", "Luxoft_POS\Luxoft_POS.csproj", "{AB9D4DA3-5815-4AA2-887B-9ACC034FBAD0}"
EndProject
Global
	GlobalSection(SolutionConfigurationPlatforms) = preSolution
		Debug|Any CPU = Debug|Any CPU
		Release|Any CPU = Release|Any CPU
	EndGlobalSection
	GlobalSection(ProjectConfigurationPlatforms) = postSolution
		{AB9D4DA3-5815-4AA2-887B-9ACC034FBAD0}.Debug|Any CPU.ActiveCfg = Debug|Any CPU
		{AB9D4DA3-5815-4AA2-887B-9ACC034FBAD0}.Debug|Any CPU.Build.0 = Debug|Any CPU
		{AB9D4DA3-5815-4AA2-887B-9ACC034FBAD0}.Release|Any CPU.ActiveCfg = Release|Any CPU
		{AB9D4DA3-5815-4AA2-887B-9ACC034FBAD0}.Release|Any CPU.Build.0 = Release|Any CPU
	EndGlobalSection
	GlobalSection(SolutionProperties) = preSolution
		HideSolutionNode = FALSE
	EndGlobalSection
	GlobalSection(ExtensibilityGlobals) = postSolution
		SolutionGuid = {37564E37-C42D-4954-9AEF-0A498CABF2FF}
	EndGlobalSection
EndGlobal
